
Microsoft Visual Studio Solution File, Format Version 12.00
Project("{FAE04EC0-301F-11D3-BF4B-00C04F79EFBC}") = "Pacemaker", "Pacemaker\Pacemaker.csproj", "{BC0AF682-1B08-441A-AC14-710F8EE464FF}"
EndProject
Global
	GlobalSection(SolutionConfigurationPlatforms) = preSolution
		Debug|Any CPU = Debug|Any CPU
		Release|Any CPU = Release|Any CPU
		Deploy|Any CPU = Deploy|Any CPU
	EndGlobalSection
	GlobalSection(ProjectConfigurationPlatforms) = postSolution
		{BC0AF682-1B08-441A-AC14-710F8EE464FF}.Debug|Any CPU.ActiveCfg = Debug|Any CPU
		{BC0AF682-1B08-441A-AC14-710F8EE464FF}.Debug|Any CPU.Build.0 = Debug|Any CPU
		{BC0AF682-1B08-441A-AC14-710F8EE464FF}.Release|Any CPU.ActiveCfg = Release|Any CPU
		{BC0AF682-1B08-441A-AC14-710F8EE464FF}.Release|Any CPU.Build.0 = Release|Any CPU
		{BC0AF682-1B08-441A-AC14-710F8EE464FF}.Deploy|Any CPU.ActiveCfg = Deploy|Any CPU
		{BC0AF682-1B08-441A-AC14-710F8EE464FF}.Deploy|Any CPU.Build.0 = Deploy|Any CPU
	EndGlobalSection
EndGlobal
